
Microsoft Visual Studio Solution File, Format Version 12.00
# Visual Studio Version 17
VisualStudioVersion = 17.5.33516.290
MinimumVisualStudioVersion = 10.0.40219.1
Project("{FAE04EC0-301F-11D3-BF4B-00C04F79EFBC}") = "ProvaPub", "ProvaPub.csproj", "{BF0C6C17-A860-47B0-BF84-1FBB2E26742A}"
EndProject
Project("{FAE04EC0-301F-11D3-BF4B-00C04F79EFBC}") = "ProvaPub.Domain", "..\ProvaPub.Domain\ProvaPub.Domain.csproj", "{7117954E-E7EC-071B-4433-508F5BEF8EED}"
EndProject
Project("{FAE04EC0-301F-11D3-BF4B-00C04F79EFBC}") = "ProvaPub.App", "..\ProvaPub.Services\ProvaPub.App.csproj", "{C0C358CE-3115-F52B-C35B-7290D772722B}"
EndProject
Project("{FAE04EC0-301F-11D3-BF4B-00C04F79EFBC}") = "ProvaPub.Infrastructure", "..\ProvaPub.Infrastructure\ProvaPub.Infrastructure.csproj", "{A63894A6-5C21-F1C3-76B7-04915D45BDF9}"
EndProject
Project("{FAE04EC0-301F-11D3-BF4B-00C04F79EFBC}") = "ProvaPub.Test", "..\ProvaPub.Test\ProvaPub.Test.csproj", "{3A952DCF-10E8-447A-930D-AA970B1AA85F}"
EndProject
Global
	GlobalSection(SolutionConfigurationPlatforms) = preSolution
		Debug|Any CPU = Debug|Any CPU
		Release|Any CPU = Release|Any CPU
	EndGlobalSection
	GlobalSection(ProjectConfigurationPlatforms) = postSolution
		{BF0C6C17-A860-47B0-BF84-1FBB2E26742A}.Debug|Any CPU.ActiveCfg = Debug|Any CPU
		{BF0C6C17-A860-47B0-BF84-1FBB2E26742A}.Debug|Any CPU.Build.0 = Debug|Any CPU
		{BF0C6C17-A860-47B0-BF84-1FBB2E26742A}.Release|Any CPU.ActiveCfg = Release|Any CPU
		{BF0C6C17-A860-47B0-BF84-1FBB2E26742A}.Release|Any CPU.Build.0 = Release|Any CPU
		{7117954E-E7EC-071B-4433-508F5BEF8EED}.Debug|Any CPU.ActiveCfg = Debug|Any CPU
		{7117954E-E7EC-071B-4433-508F5BEF8EED}.Debug|Any CPU.Build.0 = Debug|Any CPU
		{7117954E-E7EC-071B-4433-508F5BEF8EED}.Release|Any CPU.ActiveCfg = Release|Any CPU
		{7117954E-E7EC-071B-4433-508F5BEF8EED}.Release|Any CPU.Build.0 = Release|Any CPU
		{C0C358CE-3115-F52B-C35B-7290D772722B}.Debug|Any CPU.ActiveCfg = Debug|Any CPU
		{C0C358CE-3115-F52B-C35B-7290D772722B}.Debug|Any CPU.Build.0 = Debug|Any CPU
		{C0C358CE-3115-F52B-C35B-7290D772722B}.Release|Any CPU.ActiveCfg = Release|Any CPU
		{C0C358CE-3115-F52B-C35B-7290D772722B}.Release|Any CPU.Build.0 = Release|Any CPU
		{A63894A6-5C21-F1C3-76B7-04915D45BDF9}.Debug|Any CPU.ActiveCfg = Debug|Any CPU
		{A63894A6-5C21-F1C3-76B7-04915D45BDF9}.Debug|Any CPU.Build.0 = Debug|Any CPU
		{A63894A6-5C21-F1C3-76B7-04915D45BDF9}.Release|Any CPU.ActiveCfg = Release|Any CPU
		{A63894A6-5C21-F1C3-76B7-04915D45BDF9}.Release|Any CPU.Build.0 = Release|Any CPU
		{3A952DCF-10E8-447A-930D-AA970B1AA85F}.Debug|Any CPU.ActiveCfg = Debug|Any CPU
		{3A952DCF-10E8-447A-930D-AA970B1AA85F}.Debug|Any CPU.Build.0 = Debug|Any CPU
		{3A952DCF-10E8-447A-930D-AA970B1AA85F}.Release|Any CPU.ActiveCfg = Release|Any CPU
		{3A952DCF-10E8-447A-930D-AA970B1AA85F}.Release|Any CPU.Build.0 = Release|Any CPU
	EndGlobalSection
	GlobalSection(SolutionProperties) = preSolution
		HideSolutionNode = FALSE
	EndGlobalSection
	GlobalSection(ExtensibilityGlobals) = postSolution
		SolutionGuid = {508154CE-59FC-48C4-A288-C3D88E9607FE}
	EndGlobalSection
EndGlobal
